
Microsoft Visual Studio Solution File, Format Version 12.00
# Visual Studio Version 16
VisualStudioVersion = 16.0.31129.286
MinimumVisualStudioVersion = 10.0.40219.1
Project("{FAE04EC0-301F-11D3-BF4B-00C04F79EFBC}") = "Ativo.BFF", "Ativo.BFF\Ativo.BFF.csproj", "{CFBB2861-1C08-411F-A511-204DA4E4F2A6}"
EndProject
Global
	GlobalSection(SolutionConfigurationPlatforms) = preSolution
		Debug|Any CPU = Debug|Any CPU
		Release|Any CPU = Release|Any CPU
	EndGlobalSection
	GlobalSection(ProjectConfigurationPlatforms) = postSolution
		{CFBB2861-1C08-411F-A511-204DA4E4F2A6}.Debug|Any CPU.ActiveCfg = Debug|Any CPU
		{CFBB2861-1C08-411F-A511-204DA4E4F2A6}.Debug|Any CPU.Build.0 = Debug|Any CPU
		{CFBB2861-1C08-411F-A511-204DA4E4F2A6}.Release|Any CPU.ActiveCfg = Release|Any CPU
		{CFBB2861-1C08-411F-A511-204DA4E4F2A6}.Release|Any CPU.Build.0 = Release|Any CPU
	EndGlobalSection
	GlobalSection(SolutionProperties) = preSolution
		HideSolutionNode = FALSE
	EndGlobalSection
	GlobalSection(ExtensibilityGlobals) = postSolution
		SolutionGuid = {0CCCC71F-39AF-45A8-A3D4-F80647B731A0}
	EndGlobalSection
EndGlobal
